
Microsoft Visual Studio Solution File, Format Version 12.00
# Visual Studio 15
VisualStudioVersion = 15.0.27428.2037
MinimumVisualStudioVersion = 10.0.40219.1
Project("{888888A0-9F3D-457C-B088-3A5042F75D52}") = "RankedDeathTracker", "RankedDeathTracker\RankedDeathTracker.pyproj", "{E8C5BAC5-458B-4305-976B-122B47DD9F1D}"
EndProject
Global
	GlobalSection(SolutionConfigurationPlatforms) = preSolution
		Debug|Any CPU = Debug|Any CPU
		Release|Any CPU = Release|Any CPU
	EndGlobalSection
	GlobalSection(ProjectConfigurationPlatforms) = postSolution
		{E8C5BAC5-458B-4305-976B-122B47DD9F1D}.Debug|Any CPU.ActiveCfg = Debug|Any CPU
		{E8C5BAC5-458B-4305-976B-122B47DD9F1D}.Release|Any CPU.ActiveCfg = Release|Any CPU
	EndGlobalSection
	GlobalSection(SolutionProperties) = preSolution
		HideSolutionNode = FALSE
	EndGlobalSection
	GlobalSection(ExtensibilityGlobals) = postSolution
		SolutionGuid = {29F93FCB-C33F-4376-9341-B7FDA69FBB44}
	EndGlobalSection
EndGlobal
